// !$*UTF8*$!
{
	archiveVersion = 1;
	classes = {
	};
	objectVersion = 50;
	objects = {

/* Begin PBXBuildFile section */
		6775EACB2491A96100DEC9F5 /* AppDelegate.swift in Sources */ = {isa = PBXBuildFile; fileRef = 6775EACA2491A96100DEC9F5 /* AppDelegate.swift */; };
		6775EACD2491A96100DEC9F5 /* SceneDelegate.swift in Sources */ = {isa = PBXBuildFile; fileRef = 6775EACC2491A96100DEC9F5 /* SceneDelegate.swift */; };
		6775EACF2491A96100DEC9F5 /* ContentView.swift in Sources */ = {isa = PBXBuildFile; fileRef = 6775EACE2491A96100DEC9F5 /* ContentView.swift */; };
		6775EAD12491A96400DEC9F5 /* Assets.xcassets in Resources */ = {isa = PBXBuildFile; fileRef = 6775EAD02491A96400DEC9F5 /* Assets.xcassets */; };
		6775EAD42491A96400DEC9F5 /* Preview Assets.xcassets in Resources */ = {isa = PBXBuildFile; fileRef = 6775EAD32491A96400DEC9F5 /* Preview Assets.xcassets */; };
		6775EAD72491A96400DEC9F5 /* LaunchScreen.storyboard in Resources */ = {isa = PBXBuildFile; fileRef = 6775EAD52491A96400DEC9F5 /* LaunchScreen.storyboard */; };
		6775EAE02491CA5A00DEC9F5 /* Notifications.swift in Sources */ = {isa = PBXBuildFile; fileRef = 6775EADF2491CA5A00DEC9F5 /* Notifications.swift */; };
		6775EAE22491DCCD00DEC9F5 /* PullRequestList.swift in Sources */ = {isa = PBXBuildFile; fileRef = 6775EAE12491DCCD00DEC9F5 /* PullRequestList.swift */; };
		6775EAE42491E5EF00DEC9F5 /* UIKitTab.swift in Sources */ = {isa = PBXBuildFile; fileRef = 6775EAE32491E5EF00DEC9F5 /* UIKitTab.swift */; };
/* End PBXBuildFile section */

/* Begin PBXFileReference section */
		6775EAC72491A96100DEC9F5 /* Bitbucket Server Client.app */ = {isa = PBXFileReference; explicitFileType = wrapper.application; includeInIndex = 0; path = "Bitbucket Server Client.app"; sourceTree = BUILT_PRODUCTS_DIR; };
		6775EACA2491A96100DEC9F5 /* AppDelegate.swift */ = {isa = PBXFileReference; lastKnownFileType = sourcecode.swift; path = AppDelegate.swift; sourceTree = "<group>"; };
		6775EACC2491A96100DEC9F5 /* SceneDelegate.swift */ = {isa = PBXFileReference; lastKnownFileType = sourcecode.swift; path = SceneDelegate.swift; sourceTree = "<group>"; };
		6775EACE2491A96100DEC9F5 /* ContentView.swift */ = {isa = PBXFileReference; lastKnownFileType = sourcecode.swift; path = ContentView.swift; sourceTree = "<group>"; };
		6775EAD02491A96400DEC9F5 /* Assets.xcassets */ = {isa = PBXFileReference; lastKnownFileType = folder.assetcatalog; path = Assets.xcassets; sourceTree = "<group>"; };
		6775EAD32491A96400DEC9F5 /* Preview Assets.xcassets */ = {isa = PBXFileReference; lastKnownFileType = folder.assetcatalog; path = "Preview Assets.xcassets"; sourceTree = "<group>"; };
		6775EAD62491A96400DEC9F5 /* Base */ = {isa = PBXFileReference; lastKnownFileType = file.storyboard; name = Base; path = Base.lproj/LaunchScreen.storyboard; sourceTree = "<group>"; };
		6775EAD82491A96400DEC9F5 /* Info.plist */ = {isa = PBXFileReference; lastKnownFileType = text.plist.xml; path = Info.plist; sourceTree = "<group>"; };
		6775EADE2491ABB600DEC9F5 /* Bitbucket Server Client.entitlements */ = {isa = PBXFileReference; lastKnownFileType = text.plist.entitlements; path = "Bitbucket Server Client.entitlements"; sourceTree = "<group>"; };
		6775EADF2491CA5A00DEC9F5 /* Notifications.swift */ = {isa = PBXFileReference; lastKnownFileType = sourcecode.swift; path = Notifications.swift; sourceTree = "<group>"; };
		6775EAE12491DCCD00DEC9F5 /* PullRequestList.swift */ = {isa = PBXFileReference; lastKnownFileType = sourcecode.swift; path = PullRequestList.swift; sourceTree = "<group>"; };
		6775EAE32491E5EF00DEC9F5 /* UIKitTab.swift */ = {isa = PBXFileReference; lastKnownFileType = sourcecode.swift; path = UIKitTab.swift; sourceTree = "<group>"; };
/* End PBXFileReference section */

/* Begin PBXFrameworksBuildPhase section */
		6775EAC42491A96100DEC9F5 /* Frameworks */ = {
			isa = PBXFrameworksBuildPhase;
			buildActionMask = 2147483647;
			files = (
			);
			runOnlyForDeploymentPostprocessing = 0;
		};
/* End PBXFrameworksBuildPhase section */

/* Begin PBXGroup section */
		6775EABE2491A96100DEC9F5 = {
			isa = PBXGroup;
			children = (
				6775EAC92491A96100DEC9F5 /* Bitbucket Server Client */,
				6775EAC82491A96100DEC9F5 /* Products */,
			);
			sourceTree = "<group>";
		};
		6775EAC82491A96100DEC9F5 /* Products */ = {
			isa = PBXGroup;
			children = (
				6775EAC72491A96100DEC9F5 /* Bitbucket Server Client.app */,
			);
			name = Products;
			sourceTree = "<group>";
		};
		6775EAC92491A96100DEC9F5 /* Bitbucket Server Client */ = {
			isa = PBXGroup;
			children = (
				6775EADE2491ABB600DEC9F5 /* Bitbucket Server Client.entitlements */,
				6775EACA2491A96100DEC9F5 /* AppDelegate.swift */,
				6775EACC2491A96100DEC9F5 /* SceneDelegate.swift */,
				6775EACE2491A96100DEC9F5 /* ContentView.swift */,
				6775EAE12491DCCD00DEC9F5 /* PullRequestList.swift */,
				6775EADF2491CA5A00DEC9F5 /* Notifications.swift */,
				6775EAE32491E5EF00DEC9F5 /* UIKitTab.swift */,
				6775EAD02491A96400DEC9F5 /* Assets.xcassets */,
				6775EAD52491A96400DEC9F5 /* LaunchScreen.storyboard */,
				6775EAD82491A96400DEC9F5 /* Info.plist */,
				6775EAD22491A96400DEC9F5 /* Preview Content */,
			);
			path = "Bitbucket Server Client";
			sourceTree = "<group>";
		};
		6775EAD22491A96400DEC9F5 /* Preview Content */ = {
			isa = PBXGroup;
			children = (
				6775EAD32491A96400DEC9F5 /* Preview Assets.xcassets */,
			);
			path = "Preview Content";
			sourceTree = "<group>";
		};
/* End PBXGroup section */

/* Begin PBXNativeTarget section */
		6775EAC62491A96100DEC9F5 /* Bitbucket Server Client */ = {
			isa = PBXNativeTarget;
			buildConfigurationList = 6775EADB2491A96400DEC9F5 /* Build configuration list for PBXNativeTarget "Bitbucket Server Client" */;
			buildPhases = (
				6775EAC32491A96100DEC9F5 /* Sources */,
				6775EAC42491A96100DEC9F5 /* Frameworks */,
				6775EAC52491A96100DEC9F5 /* Resources */,
			);
			buildRules = (
			);
			dependencies = (
			);
			name = "Bitbucket Server Client";
			productName = "Bitbucket Server Client";
			productReference = 6775EAC72491A96100DEC9F5 /* Bitbucket Server Client.app */;
			productType = "com.apple.product-type.application";
		};
/* End PBXNativeTarget section */

/* Begin PBXProject section */
		6775EABF2491A96100DEC9F5 /* Project object */ = {
			isa = PBXProject;
			attributes = {
				LastSwiftUpdateCheck = 1150;
				LastUpgradeCheck = 1150;
				ORGANIZATIONNAME = "Ian Applebaum";
				TargetAttributes = {
					6775EAC62491A96100DEC9F5 = {
						CreatedOnToolsVersion = 11.5;
					};
				};
			};
			buildConfigurationList = 6775EAC22491A96100DEC9F5 /* Build configuration list for PBXProject "Bitbucket Server Client" */;
			compatibilityVersion = "Xcode 9.3";
			developmentRegion = en;
			hasScannedForEncodings = 0;
			knownRegions = (
				en,
				Base,
			);
			mainGroup = 6775EABE2491A96100DEC9F5;
			productRefGroup = 6775EAC82491A96100DEC9F5 /* Products */;
			projectDirPath = "";
			projectRoot = "";
			targets = (
				6775EAC62491A96100DEC9F5 /* Bitbucket Server Client */,
			);
		};
/* End PBXProject section */

/* Begin PBXResourcesBuildPhase section */
		6775EAC52491A96100DEC9F5 /* Resources */ = {
			isa = PBXResourcesBuildPhase;
			buildActionMask = 2147483647;
			files = (
				6775EAD72491A96400DEC9F5 /* LaunchScreen.storyboard in Resources */,
				6775EAD42491A96400DEC9F5 /* Preview Assets.xcassets in Resources */,
				6775EAD12491A96400DEC9F5 /* Assets.xcassets in Resources */,
			);
			runOnlyForDeploymentPostprocessing = 0;
		};
/* End PBXResourcesBuildPhase section */

/* Begin PBXSourcesBuildPhase section */
		6775EAC32491A96100DEC9F5 /* Sources */ = {
			isa = PBXSourcesBuildPhase;
			buildActionMask = 2147483647;
			files = (
				6775EAE02491CA5A00DEC9F5 /* Notifications.swift in Sources */,
				6775EAE22491DCCD00DEC9F5 /* PullRequestList.swift in Sources */,
				6775EACB2491A96100DEC9F5 /* AppDelegate.swift in Sources */,
				6775EACD2491A96100DEC9F5 /* SceneDelegate.swift in Sources */,
				6775EAE42491E5EF00DEC9F5 /* UIKitTab.swift in Sources */,
				6775EACF2491A96100DEC9F5 /* ContentView.swift in Sources */,
			);
			runOnlyForDeploymentPostprocessing = 0;
		};
/* End PBXSourcesBuildPhase section */

/* Begin PBXVariantGroup section */
		6775EAD52491A96400DEC9F5 /* LaunchScreen.storyboard */ = {
			isa = PBXVariantGroup;
			children = (
				6775EAD62491A96400DEC9F5 /* Base */,
			);
			name = LaunchScreen.storyboard;
			sourceTree = "<group>";
		};
/* End PBXVariantGroup section */

/* Begin XCBuildConfiguration section */
		6775EAD92491A96400DEC9F5 /* Debug */ = {
			isa = XCBuildConfiguration;
			buildSettings = {
				ALWAYS_SEARCH_USER_PATHS = NO;
				CLANG_ANALYZER_NONNULL = YES;
				CLANG_ANALYZER_NUMBER_OBJECT_CONVERSION = YES_AGGRESSIVE;
				CLANG_CXX_LANGUAGE_STANDARD = "gnu++14";
				CLANG_CXX_LIBRARY = "libc++";
				CLANG_ENABLE_MODULES = YES;
				CLANG_ENABLE_OBJC_ARC = YES;
				CLANG_ENABLE_OBJC_WEAK = YES;
				CLANG_WARN_BLOCK_CAPTURE_AUTORELEASING = YES;
				CLANG_WARN_BOOL_CONVERSION = YES;
				CLANG_WARN_COMMA = YES;
				CLANG_WARN_CONSTANT_CONVERSION = YES;
				CLANG_WARN_DEPRECATED_OBJC_IMPLEMENTATIONS = YES;
				CLANG_WARN_DIRECT_OBJC_ISA_USAGE = YES_ERROR;
				CLANG_WARN_DOCUMENTATION_COMMENTS = YES;
				CLANG_WARN_EMPTY_BODY = YES;
				CLANG_WARN_ENUM_CONVERSION = YES;
				CLANG_WARN_INFINITE_RECURSION = YES;
				CLANG_WARN_INT_CONVERSION = YES;
				CLANG_WARN_NON_LITERAL_NULL_CONVERSION = YES;
				CLANG_WARN_OBJC_IMPLICIT_RETAIN_SELF = YES;
				CLANG_WARN_OBJC_LITERAL_CONVERSION = YES;
				CLANG_WARN_OBJC_ROOT_CLASS = YES_ERROR;
				CLANG_WARN_RANGE_LOOP_ANALYSIS = YES;
				CLANG_WARN_STRICT_PROTOTYPES = YES;
				CLANG_WARN_SUSPICIOUS_MOVE = YES;
				CLANG_WARN_UNGUARDED_AVAILABILITY = YES_AGGRESSIVE;
				CLANG_WARN_UNREACHABLE_CODE = YES;
				CLANG_WARN__DUPLICATE_METHOD_MATCH = YES;
				COPY_PHASE_STRIP = NO;
				DEBUG_INFORMATION_FORMAT = dwarf;
				ENABLE_STRICT_OBJC_MSGSEND = YES;
				ENABLE_TESTABILITY = YES;
				GCC_C_LANGUAGE_STANDARD = gnu11;
				GCC_DYNAMIC_NO_PIC = NO;
				GCC_NO_COMMON_BLOCKS = YES;
				GCC_OPTIMIZATION_LEVEL = 0;
				GCC_PREPROCESSOR_DEFINITIONS = (
					"DEBUG=1",
					"$(inherited)",
				);
				GCC_WARN_64_TO_32_BIT_CONVERSION = YES;
				GCC_WARN_ABOUT_RETURN_TYPE = YES_ERROR;
				GCC_WARN_UNDECLARED_SELECTOR = YES;
				GCC_WARN_UNINITIALIZED_AUTOS = YES_AGGRESSIVE;
				GCC_WARN_UNUSED_FUNCTION = YES;
				GCC_WARN_UNUSED_VARIABLE = YES;
				IPHONEOS_DEPLOYMENT_TARGET = 13.5;
				MTL_ENABLE_DEBUG_INFO = INCLUDE_SOURCE;
				MTL_FAST_MATH = YES;
				ONLY_ACTIVE_ARCH = YES;
				SDKROOT = iphoneos;
				SWIFT_ACTIVE_COMPILATION_CONDITIONS = DEBUG;
				SWIFT_OPTIMIZATION_LEVEL = "-Onone";
			};
			name = Debug;
		};
		6775EADA2491A96400DEC9F5 /* Release */ = {
			isa = XCBuildConfiguration;
			buildSettings = {
				ALWAYS_SEARCH_USER_PATHS = NO;
				CLANG_ANALYZER_NONNULL = YES;
				CLANG_ANALYZER_NUMBER_OBJECT_CONVERSION = YES_AGGRESSIVE;
				CLANG_CXX_LANGUAGE_STANDARD = "gnu++14";
				CLANG_CXX_LIBRARY = "libc++";
				CLANG_ENABLE_MODULES = YES;
				CLANG_ENABLE_OBJC_ARC = YES;
				CLANG_ENABLE_OBJC_WEAK = YES;
				CLANG_WARN_BLOCK_CAPTURE_AUTORELEASING = YES;
				CLANG_WARN_BOOL_CONVERSION = YES;
				CLANG_WARN_COMMA = YES;
				CLANG_WARN_CONSTANT_CONVERSION = YES;
				CLANG_WARN_DEPRECATED_OBJC_IMPLEMENTATIONS = YES;
				CLANG_WARN_DIRECT_OBJC_ISA_USAGE = YES_ERROR;
				CLANG_WARN_DOCUMENTATION_COMMENTS = YES;
				CLANG_WARN_EMPTY_BODY = YES;
				CLANG_WARN_ENUM_CONVERSION = YES;
				CLANG_WARN_INFINITE_RECURSION = YES;
				CLANG_WARN_INT_CONVERSION = YES;
				CLANG_WARN_NON_LITERAL_NULL_CONVERSION = YES;
				CLANG_WARN_OBJC_IMPLICIT_RETAIN_SELF = YES;
				CLANG_WARN_OBJC_LITERAL_CONVERSION = YES;
				CLANG_WARN_OBJC_ROOT_CLASS = YES_ERROR;
				CLANG_WARN_RANGE_LOOP_ANALYSIS = YES;
				CLANG_WARN_STRICT_PROTOTYPES = YES;
				CLANG_WARN_SUSPICIOUS_MOVE = YES;
				CLANG_WARN_UNGUARDED_AVAILABILITY = YES_AGGRESSIVE;
				CLANG_WARN_UNREACHABLE_CODE = YES;
				CLANG_WARN__DUPLICATE_METHOD_MATCH = YES;
				COPY_PHASE_STRIP = NO;
				DEBUG_INFORMATION_FORMAT = "dwarf-with-dsym";
				ENABLE_NS_ASSERTIONS = NO;
				ENABLE_STRICT_OBJC_MSGSEND = YES;
				GCC_C_LANGUAGE_STANDARD = gnu11;
				GCC_NO_COMMON_BLOCKS = YES;
				GCC_WARN_64_TO_32_BIT_CONVERSION = YES;
				GCC_WARN_ABOUT_RETURN_TYPE = YES_ERROR;
				GCC_WARN_UNDECLARED_SELECTOR = YES;
				GCC_WARN_UNINITIALIZED_AUTOS = YES_AGGRESSIVE;
				GCC_WARN_UNUSED_FUNCTION = YES;
				GCC_WARN_UNUSED_VARIABLE = YES;
				IPHONEOS_DEPLOYMENT_TARGET = 13.5;
				MTL_ENABLE_DEBUG_INFO = NO;
				MTL_FAST_MATH = YES;
				SDKROOT = iphoneos;
				SWIFT_COMPILATION_MODE = wholemodule;
				SWIFT_OPTIMIZATION_LEVEL = "-O";
				VALIDATE_PRODUCT = YES;
			};
			name = Release;
		};
		6775EADC2491A96400DEC9F5 /* Debug */ = {
			isa = XCBuildConfiguration;
			buildSettings = {
				ASSETCATALOG_COMPILER_APPICON_NAME = AppIcon;
				CODE_SIGN_ENTITLEMENTS = "Bitbucket Server Client/Bitbucket Server Client.entitlements";
				CODE_SIGN_STYLE = Automatic;
				DEVELOPMENT_ASSET_PATHS = "\"Bitbucket Server Client/Preview Content\"";
				DEVELOPMENT_TEAM = N6ESLEE34B;
				ENABLE_PREVIEWS = YES;
				INFOPLIST_FILE = "Bitbucket Server Client/Info.plist";
				LD_RUNPATH_SEARCH_PATHS = (
					"$(inherited)",
					"@executable_path/Frameworks",
				);
				PRODUCT_BUNDLE_IDENTIFIER = "electricbluefish.Bitbucket-Server-Client";
				PRODUCT_NAME = "$(TARGET_NAME)";
				SUPPORTS_MACCATALYST = YES;
				SWIFT_VERSION = 5.0;
				TARGETED_DEVICE_FAMILY = "1,2";
			};
			name = Debug;
		};
		6775EADD2491A96400DEC9F5 /* Release */ = {
			isa = XCBuildConfiguration;
			buildSettings = {
				ASSETCATALOG_COMPILER_APPICON_NAME = AppIcon;
				CODE_SIGN_ENTITLEMENTS = "Bitbucket Server Client/Bitbucket Server Client.entitlements";
				CODE_SIGN_STYLE = Automatic;
				DEVELOPMENT_ASSET_PATHS = "\"Bitbucket Server Client/Preview Content\"";
				DEVELOPMENT_TEAM = N6ESLEE34B;
				ENABLE_PREVIEWS = YES;
				INFOPLIST_FILE = "Bitbucket Server Client/Info.plist";
				LD_RUNPATH_SEARCH_PATHS = (
					"$(inherited)",
					"@executable_path/Frameworks",
				);
				PRODUCT_BUNDLE_IDENTIFIER = "electricbluefish.Bitbucket-Server-Client";
				PRODUCT_NAME = "$(TARGET_NAME)";
				SUPPORTS_MACCATALYST = YES;
				SWIFT_VERSION = 5.0;
				TARGETED_DEVICE_FAMILY = "1,2";
			};
			name = Release;
		};
/* End XCBuildConfiguration section */

/* Begin XCConfigurationList section */
		6775EAC22491A96100DEC9F5 /* Build configuration list for PBXProject "Bitbucket Server Client" */ = {
			isa = XCConfigurationList;
			buildConfigurations = (
				6775EAD92491A96400DEC9F5 /* Debug */,
				6775EADA2491A96400DEC9F5 /* Release */,
			);
			defaultConfigurationIsVisible = 0;
			defaultConfigurationName = Release;
		};
		6775EADB2491A96400DEC9F5 /* Build configuration list for PBXNativeTarget "Bitbucket Server Client" */ = {
			isa = XCConfigurationList;
			buildConfigurations = (
				6775EADC2491A96400DEC9F5 /* Debug */,
				6775EADD2491A96400DEC9F5 /* Release */,
			);
			defaultConfigurationIsVisible = 0;
			defaultConfigurationName = Release;
		};
/* End XCConfigurationList section */
	};
	rootObject = 6775EABF2491A96100DEC9F5 /* Project object */;
}
